
Microsoft Visual Studio Solution File, Format Version 12.00
# Visual Studio Version 16
VisualStudioVersion = 16.0.29709.97
MinimumVisualStudioVersion = 10.0.40219.1
Project("{2150E333-8FDC-42A3-9474-1A3956D46DE8}") = "Scripts", "Scripts", "{7D42EF85-BF80-49E7-9BF5-23861EDD02F0}"
	ProjectSection(SolutionItems) = preProject
		Plan.txt = Plan.txt
	EndProjectSection
EndProject
Project("{2150E333-8FDC-42A3-9474-1A3956D46DE8}") = "src", "src", "{46D335CE-44F0-4821-9ADC-F38037E859ED}"
EndProject
Project("{9A19103F-16F7-4668-BE54-9A1E7A4F7556}") = "BattleCityWeb", "src\BattleCityWeb\BattleCityWeb.csproj", "{8C04630D-4022-457B-8086-7F88194252BF}"
EndProject
Global
	GlobalSection(SolutionConfigurationPlatforms) = preSolution
		Debug|Any CPU = Debug|Any CPU
		Release|Any CPU = Release|Any CPU
	EndGlobalSection
	GlobalSection(ProjectConfigurationPlatforms) = postSolution
		{8C04630D-4022-457B-8086-7F88194252BF}.Debug|Any CPU.ActiveCfg = Debug|Any CPU
		{8C04630D-4022-457B-8086-7F88194252BF}.Debug|Any CPU.Build.0 = Debug|Any CPU
		{8C04630D-4022-457B-8086-7F88194252BF}.Release|Any CPU.ActiveCfg = Release|Any CPU
		{8C04630D-4022-457B-8086-7F88194252BF}.Release|Any CPU.Build.0 = Release|Any CPU
	EndGlobalSection
	GlobalSection(SolutionProperties) = preSolution
		HideSolutionNode = FALSE
	EndGlobalSection
	GlobalSection(NestedProjects) = preSolution
		{8C04630D-4022-457B-8086-7F88194252BF} = {46D335CE-44F0-4821-9ADC-F38037E859ED}
	EndGlobalSection
	GlobalSection(ExtensibilityGlobals) = postSolution
		SolutionGuid = {0A90ACE3-AFFF-4994-A60E-92E6A67C67E2}
	EndGlobalSection
EndGlobal
